# This file is automatically @generated by Poetry 1.8.2 and should not be changed by hand.

[[package]]
name = "anyio"
version = "3.7.1"
description = "High level compatibility layer for multiple asynchronous event loop implementations"
optional = false
python-versions = ">=3.7"
files = [
    {file = "anyio-3.7.1-py3-none-any.whl", hash = "sha256:91dee416e570e92c64041bd18b900d1d6fa78dff7048769ce5ac5ddad004fbb5"},
    {file = "anyio-3.7.1.tar.gz", hash = "sha256:44a3c9aba0f5defa43261a8b3efb97891f2bd7d804e0e1f56419befa1adfc780"},
]

[package.dependencies]
idna = ">=2.8"
sniffio = ">=1.1"

[package.extras]
doc = ["Sphinx", "packaging", "sphinx-autodoc-typehints (>=1.2.0)", "sphinx-rtd-theme (>=1.2.2)", "sphinxcontrib-jquery"]
test = ["anyio[trio]", "coverage[toml] (>=4.5)", "hypothesis (>=4.0)", "mock (>=4)", "psutil (>=5.9)", "pytest (>=7.0)", "pytest-mock (>=3.6.1)", "trustme", "uvloop (>=0.17)"]
trio = ["trio (<0.22)"]

[[package]]
name = "asgiref"
version = "3.8.1"
description = "ASGI specs, helper code, and adapters"
optional = false
python-versions = ">=3.8"
files = [
    {file = "asgiref-3.8.1-py3-none-any.whl", hash = "sha256:3e1e3ecc849832fe52ccf2cb6686b7a55f82bb1d6aee72a58826471390335e47"},
    {file = "asgiref-3.8.1.tar.gz", hash = "sha256:c343bd80a0bec947a9860adb4c432ffa7db769836c64238fc34bdc3fec84d590"},
]

[package.extras]
tests = ["mypy (>=0.800)", "pytest", "pytest-asyncio"]

[[package]]
name = "certifi"
version = "2024.2.2"
description = "Python package for providing Mozilla's CA Bundle."
optional = false
python-versions = ">=3.6"
files = [
    {file = "certifi-2024.2.2-py3-none-any.whl", hash = "sha256:dc383c07b76109f368f6106eee2b593b04a011ea4d55f652c6ca24a754d1cdd1"},
    {file = "certifi-2024.2.2.tar.gz", hash = "sha256:0569859f95fc761b18b45ef421b1290a0f65f147e92a1e5eb3e635f9a5e4e66f"},
]

[[package]]
name = "click"
version = "8.1.7"
description = "Composable command line interface toolkit"
optional = false
python-versions = ">=3.7"
files = [
    {file = "click-8.1.7-py3-none-any.whl", hash = "sha256:ae74fb96c20a0277a1d615f1e4d73c8414f5a98db8b799a7931d1582f3390c28"},
    {file = "click-8.1.7.tar.gz", hash = "sha256:ca9853ad459e787e2192211578cc907e7594e294c7ccc834310722b41b9ca6de"},
]

[package.dependencies]
colorama = {version = "*", markers = "platform_system == \"Windows\""}

[[package]]
name = "colorama"
version = "0.4.6"
description = "Cross-platform colored terminal text."
optional = false
python-versions = "!=3.0.*,!=3.1.*,!=3.2.*,!=3.3.*,!=3.4.*,!=3.5.*,!=3.6.*,>=2.7"
files = [
    {file = "colorama-0.4.6-py2.py3-none-any.whl", hash = "sha256:4f1d9991f5acc0ca119f9d443620b77f9d6b33703e51011c16baf57afb285fc6"},
    {file = "colorama-0.4.6.tar.gz", hash = "sha256:08695f5cb7ed6e0531a20572697297273c47b8cae5a63ffc6d6ed5c201be6e44"},
]

[[package]]
name = "dnspython"
version = "2.6.1"
description = "DNS toolkit"
optional = false
python-versions = ">=3.8"
files = [
    {file = "dnspython-2.6.1-py3-none-any.whl", hash = "sha256:5ef3b9680161f6fa89daf8ad451b5f1a33b18ae8a1c6778cdf4b43f08c0a6e50"},
    {file = "dnspython-2.6.1.tar.gz", hash = "sha256:e8f0f9c23a7b7cb99ded64e6c3a6f3e701d78f50c55e002b839dea7225cff7cc"},
]

[package.extras]
dev = ["black (>=23.1.0)", "coverage (>=7.0)", "flake8 (>=7)", "mypy (>=1.8)", "pylint (>=3)", "pytest (>=7.4)", "pytest-cov (>=4.1.0)", "sphinx (>=7.2.0)", "twine (>=4.0.0)", "wheel (>=0.42.0)"]
dnssec = ["cryptography (>=41)"]
doh = ["h2 (>=4.1.0)", "httpcore (>=1.0.0)", "httpx (>=0.26.0)"]
doq = ["aioquic (>=0.9.25)"]
idna = ["idna (>=3.6)"]
trio = ["trio (>=0.23)"]
wmi = ["wmi (>=1.5.1)"]

[[package]]
name = "enochecker3"
version = "0.8.1"
description = "FastAPI based library for building async python checkers for the EnoEngine A/D CTF Framework"
optional = false
python-versions = ">=3.7"
files = [
    {file = "enochecker3-0.8.1-py3-none-any.whl", hash = "sha256:b4c6aae7bfe9495d0d5076495594cc8027f829e98780eac2afac9b12d54b4977"},
    {file = "enochecker3-0.8.1.tar.gz", hash = "sha256:5af64d5632af6a76466a9631e6ef6dc1429f15b3e40674917debfe0877435384"},
]

[package.dependencies]
fastapi = ">=0.75.2,<0.76.0"
gunicorn = "20.1.0"
httpx = ">=0.23.0,<0.24.0"
motor = {version = ">=3.1.2,<4.0.0", extras = ["asyncio"]}
uvicorn = ">=0.17.6,<0.18.0"

[[package]]
name = "fastapi"
version = "0.75.2"
description = "FastAPI framework, high performance, easy to learn, fast to code, ready for production"
optional = false
python-versions = ">=3.6.1"
files = [
    {file = "fastapi-0.75.2-py3-none-any.whl", hash = "sha256:a70d31f4249b6b42dbe267667d22f83af645b2d857876c97f83ca9573215784f"},
    {file = "fastapi-0.75.2.tar.gz", hash = "sha256:b5dac161ee19d33346040d3f44d8b7a9ac09b37df9efff95891f5e7641fa482f"},
]

[package.dependencies]
pydantic = ">=1.6.2,<1.7 || >1.7,<1.7.1 || >1.7.1,<1.7.2 || >1.7.2,<1.7.3 || >1.7.3,<1.8 || >1.8,<1.8.1 || >1.8.1,<2.0.0"
starlette = "0.17.1"

[package.extras]
all = ["email_validator (>=1.1.1,<2.0.0)", "itsdangerous (>=1.1.0,<3.0.0)", "jinja2 (>=2.11.2,<4.0.0)", "orjson (>=3.2.1,<4.0.0)", "python-multipart (>=0.0.5,<0.0.6)", "pyyaml (>=5.3.1,<7.0.0)", "requests (>=2.24.0,<3.0.0)", "ujson (>=4.0.1,!=4.0.2,!=4.1.0,!=4.2.0,!=4.3.0,!=5.0.0,!=5.1.0,<6.0.0)", "uvicorn[standard] (>=0.12.0,<0.18.0)"]
dev = ["autoflake (>=1.4.0,<2.0.0)", "flake8 (>=3.8.3,<4.0.0)", "passlib[bcrypt] (>=1.7.2,<2.0.0)", "python-jose[cryptography] (>=3.3.0,<4.0.0)", "uvicorn[standard] (>=0.12.0,<0.18.0)"]
doc = ["mdx-include (>=1.4.1,<2.0.0)", "mkdocs (>=1.1.2,<2.0.0)", "mkdocs-markdownextradata-plugin (>=0.1.7,<0.3.0)", "mkdocs-material (>=8.1.4,<9.0.0)", "pyyaml (>=5.3.1,<7.0.0)", "typer (>=0.4.1,<0.5.0)"]
test = ["anyio[trio] (>=3.2.1,<4.0.0)", "black (==22.3.0)", "databases[sqlite] (>=0.3.2,<0.6.0)", "email_validator (>=1.1.1,<2.0.0)", "flake8 (>=3.8.3,<4.0.0)", "flask (>=1.1.2,<3.0.0)", "httpx (>=0.14.0,<0.19.0)", "isort (>=5.0.6,<6.0.0)", "mypy (==0.910)", "orjson (>=3.2.1,<4.0.0)", "peewee (>=3.13.3,<4.0.0)", "pytest (>=6.2.4,<7.0.0)", "pytest-cov (>=2.12.0,<4.0.0)", "python-multipart (>=0.0.5,<0.0.6)", "requests (>=2.24.0,<3.0.0)", "sqlalchemy (>=1.3.18,<1.5.0)", "types-dataclasses (==0.6.5)", "types-orjson (==3.6.2)", "types-ujson (==4.2.1)", "ujson (>=4.0.1,!=4.0.2,!=4.1.0,!=4.2.0,!=4.3.0,!=5.0.0,!=5.1.0,<6.0.0)"]

[[package]]
name = "gunicorn"
version = "20.1.0"
description = "WSGI HTTP Server for UNIX"
optional = false
python-versions = ">=3.5"
files = [
    {file = "gunicorn-20.1.0-py3-none-any.whl", hash = "sha256:9dcc4547dbb1cb284accfb15ab5667a0e5d1881cc443e0677b4882a4067a807e"},
    {file = "gunicorn-20.1.0.tar.gz", hash = "sha256:e0a968b5ba15f8a328fdfd7ab1fcb5af4470c28aaf7e55df02a99bc13138e6e8"},
]

[package.dependencies]
setuptools = ">=3.0"

[package.extras]
eventlet = ["eventlet (>=0.24.1)"]
gevent = ["gevent (>=1.4.0)"]
setproctitle = ["setproctitle"]
tornado = ["tornado (>=0.2)"]

[[package]]
name = "h11"
version = "0.14.0"
description = "A pure-Python, bring-your-own-I/O implementation of HTTP/1.1"
optional = false
python-versions = ">=3.7"
files = [
    {file = "h11-0.14.0-py3-none-any.whl", hash = "sha256:e3fe4ac4b851c468cc8363d500db52c2ead036020723024a109d37346efaa761"},
    {file = "h11-0.14.0.tar.gz", hash = "sha256:8f19fbbe99e72420ff35c00b27a34cb9937e902a8b810e2c88300c6f0a3b699d"},
]

[[package]]
name = "httpcore"
version = "0.16.3"
description = "A minimal low-level HTTP client."
optional = false
python-versions = ">=3.7"
files = [
    {file = "httpcore-0.16.3-py3-none-any.whl", hash = "sha256:da1fb708784a938aa084bde4feb8317056c55037247c787bd7e19eb2c2949dc0"},
    {file = "httpcore-0.16.3.tar.gz", hash = "sha256:c5d6f04e2fc530f39e0c077e6a30caa53f1451096120f1f38b954afd0b17c0cb"},
]

[package.dependencies]
anyio = ">=3.0,<5.0"
certifi = "*"
h11 = ">=0.13,<0.15"
sniffio = "==1.*"

[package.extras]
http2 = ["h2 (>=3,<5)"]
socks = ["socksio (==1.*)"]

[[package]]
name = "httpx"
version = "0.23.3"
description = "The next generation HTTP client."
optional = false
python-versions = ">=3.7"
files = [
    {file = "httpx-0.23.3-py3-none-any.whl", hash = "sha256:a211fcce9b1254ea24f0cd6af9869b3d29aba40154e947d2a07bb499b3e310d6"},
    {file = "httpx-0.23.3.tar.gz", hash = "sha256:9818458eb565bb54898ccb9b8b251a28785dd4a55afbc23d0eb410754fe7d0f9"},
]

[package.dependencies]
certifi = "*"
httpcore = ">=0.15.0,<0.17.0"
rfc3986 = {version = ">=1.3,<2", extras = ["idna2008"]}
sniffio = "*"

[package.extras]
brotli = ["brotli", "brotlicffi"]
cli = ["click (==8.*)", "pygments (==2.*)", "rich (>=10,<13)"]
http2 = ["h2 (>=3,<5)"]
socks = ["socksio (==1.*)"]

[[package]]
name = "idna"
version = "3.7"
description = "Internationalized Domain Names in Applications (IDNA)"
optional = false
python-versions = ">=3.5"
files = [
    {file = "idna-3.7-py3-none-any.whl", hash = "sha256:82fee1fc78add43492d3a1898bfa6d8a904cc97d8427f683ed8e798d07761aa0"},
    {file = "idna-3.7.tar.gz", hash = "sha256:028ff3aadf0609c1fd278d8ea3089299412a7a8b9bd005dd08b9f8285bcb5cfc"},
]

[[package]]
name = "motor"
version = "3.4.0"
description = "Non-blocking MongoDB driver for Tornado or asyncio"
optional = false
python-versions = ">=3.7"
files = [
    {file = "motor-3.4.0-py3-none-any.whl", hash = "sha256:4b1e1a0cc5116ff73be2c080a72da078f2bb719b53bc7a6bb9e9a2f7dcd421ed"},
    {file = "motor-3.4.0.tar.gz", hash = "sha256:c89b4e4eb2e711345e91c7c9b122cb68cce0e5e869ed0387dd0acb10775e3131"},
]

[package.dependencies]
pymongo = ">=4.5,<5"

[package.extras]
aws = ["pymongo[aws] (>=4.5,<5)"]
encryption = ["pymongo[encryption] (>=4.5,<5)"]
gssapi = ["pymongo[gssapi] (>=4.5,<5)"]
ocsp = ["pymongo[ocsp] (>=4.5,<5)"]
snappy = ["pymongo[snappy] (>=4.5,<5)"]
srv = ["pymongo[srv] (>=4.5,<5)"]
test = ["aiohttp (!=3.8.6)", "mockupdb", "motor[encryption]", "pytest (>=7)", "tornado (>=5)"]
zstd = ["pymongo[zstd] (>=4.5,<5)"]

[[package]]
name = "pydantic"
version = "1.10.15"
description = "Data validation and settings management using python type hints"
optional = false
python-versions = ">=3.7"
files = [
    {file = "pydantic-1.10.15-cp310-cp310-macosx_10_9_x86_64.whl", hash = "sha256:22ed12ee588b1df028a2aa5d66f07bf8f8b4c8579c2e96d5a9c1f96b77f3bb55"},
    {file = "pydantic-1.10.15-cp310-cp310-macosx_11_0_arm64.whl", hash = "sha256:75279d3cac98186b6ebc2597b06bcbc7244744f6b0b44a23e4ef01e5683cc0d2"},
    {file = "pydantic-1.10.15-cp310-cp310-manylinux_2_17_x86_64.manylinux2014_x86_64.whl", hash = "sha256:50f1666a9940d3d68683c9d96e39640f709d7a72ff8702987dab1761036206bb"},
    {file = "pydantic-1.10.15-cp310-cp310-manylinux_2_5_i686.manylinux1_i686.manylinux_2_17_i686.manylinux2014_i686.whl", hash = "sha256:82790d4753ee5d00739d6cb5cf56bceb186d9d6ce134aca3ba7befb1eedbc2c8"},
    {file = "pydantic-1.10.15-cp310-cp310-musllinux_1_1_i686.whl", hash = "sha256:d207d5b87f6cbefbdb1198154292faee8017d7495a54ae58db06762004500d00"},
    {file = "pydantic-1.10.15-cp310-cp310-musllinux_1_1_x86_64.whl", hash = "sha256:e49db944fad339b2ccb80128ffd3f8af076f9f287197a480bf1e4ca053a866f0"},
    {file = "pydantic-1.10.15-cp310-cp310-win_amd64.whl", hash = "sha256:d3b5c4cbd0c9cb61bbbb19ce335e1f8ab87a811f6d589ed52b0254cf585d709c"},
    {file = "pydantic-1.10.15-cp311-cp311-macosx_10_9_x86_64.whl", hash = "sha256:c3d5731a120752248844676bf92f25a12f6e45425e63ce22e0849297a093b5b0"},
    {file = "pydantic-1.10.15-cp311-cp311-macosx_11_0_arm64.whl", hash = "sha256:c365ad9c394f9eeffcb30a82f4246c0006417f03a7c0f8315d6211f25f7cb654"},
    {file = "pydantic-1.10.15-cp311-cp311-manylinux_2_17_x86_64.manylinux2014_x86_64.whl", hash = "sha256:3287e1614393119c67bd4404f46e33ae3be3ed4cd10360b48d0a4459f420c6a3"},
    {file = "pydantic-1.10.15-cp311-cp311-manylinux_2_5_i686.manylinux1_i686.manylinux_2_17_i686.manylinux2014_i686.whl", hash = "sha256:be51dd2c8596b25fe43c0a4a59c2bee4f18d88efb8031188f9e7ddc6b469cf44"},
    {file = "pydantic-1.10.15-cp311-cp311-musllinux_1_1_i686.whl", hash = "sha256:6a51a1dd4aa7b3f1317f65493a182d3cff708385327c1c82c81e4a9d6d65b2e4"},
    {file = "pydantic-1.10.15-cp311-cp311-musllinux_1_1_x86_64.whl", hash = "sha256:4e316e54b5775d1eb59187f9290aeb38acf620e10f7fd2f776d97bb788199e53"},
    {file = "pydantic-1.10.15-cp311-cp311-win_amd64.whl", hash = "sha256:0d142fa1b8f2f0ae11ddd5e3e317dcac060b951d605fda26ca9b234b92214986"},
    {file = "pydantic-1.10.15-cp37-cp37m-macosx_10_9_x86_64.whl", hash = "sha256:7ea210336b891f5ea334f8fc9f8f862b87acd5d4a0cbc9e3e208e7aa1775dabf"},
    {file = "pydantic-1.10.15-cp37-cp37m-manylinux_2_17_x86_64.manylinux2014_x86_64.whl", hash = "sha256:3453685ccd7140715e05f2193d64030101eaad26076fad4e246c1cc97e1bb30d"},
    {file = "pydantic-1.10.15-cp37-cp37m-manylinux_2_5_i686.manylinux1_i686.manylinux_2_17_i686.manylinux2014_i686.whl", hash = "sha256:9bea1f03b8d4e8e86702c918ccfd5d947ac268f0f0cc6ed71782e4b09353b26f"},
    {file = "pydantic-1.10.15-cp37-cp37m-musllinux_1_1_i686.whl", hash = "sha256:005655cabc29081de8243126e036f2065bd7ea5b9dff95fde6d2c642d39755de"},
    {file = "pydantic-1.10.15-cp37-cp37m-musllinux_1_1_x86_64.whl", hash = "sha256:af9850d98fc21e5bc24ea9e35dd80a29faf6462c608728a110c0a30b595e58b7"},
    {file = "pydantic-1.10.15-cp37-cp37m-win_amd64.whl", hash = "sha256:d31ee5b14a82c9afe2bd26aaa405293d4237d0591527d9129ce36e58f19f95c1"},
    {file = "pydantic-1.10.15-cp38-cp38-macosx_10_9_x86_64.whl", hash = "sha256:5e09c19df304b8123938dc3c53d3d3be6ec74b9d7d0d80f4f4b5432ae16c2022"},
    {file = "pydantic-1.10.15-cp38-cp38-macosx_11_0_arm64.whl", hash = "sha256:7ac9237cd62947db00a0d16acf2f3e00d1ae9d3bd602b9c415f93e7a9fc10528"},
    {file = "pydantic-1.10.15-cp38-cp38-manylinux_2_17_x86_64.manylinux2014_x86_64.whl", hash = "sha256:584f2d4c98ffec420e02305cf675857bae03c9d617fcfdc34946b1160213a948"},
    {file = "pydantic-1.10.15-cp38-cp38-manylinux_2_5_i686.manylinux1_i686.manylinux_2_17_i686.manylinux2014_i686.whl", hash = "sha256:bbc6989fad0c030bd70a0b6f626f98a862224bc2b1e36bfc531ea2facc0a340c"},
    {file = "pydantic-1.10.15-cp38-cp38-musllinux_1_1_i686.whl", hash = "sha256:d573082c6ef99336f2cb5b667b781d2f776d4af311574fb53d908517ba523c22"},
    {file = "pydantic-1.10.15-cp38-cp38-musllinux_1_1_x86_64.whl", hash = "sha256:6bd7030c9abc80134087d8b6e7aa957e43d35714daa116aced57269a445b8f7b"},
    {file = "pydantic-1.10.15-cp38-cp38-win_amd64.whl", hash = "sha256:3350f527bb04138f8aff932dc828f154847fbdc7a1a44c240fbfff1b57f49a12"},
    {file = "pydantic-1.10.15-cp39-cp39-macosx_10_9_x86_64.whl", hash = "sha256:51d405b42f1b86703555797270e4970a9f9bd7953f3990142e69d1037f9d9e51"},
    {file = "pydantic-1.10.15-cp39-cp39-macosx_11_0_arm64.whl", hash = "sha256:a980a77c52723b0dc56640ced396b73a024d4b74f02bcb2d21dbbac1debbe9d0"},
    {file = "pydantic-1.10.15-cp39-cp39-manylinux_2_17_x86_64.manylinux2014_x86_64.whl", hash = "sha256:67f1a1fb467d3f49e1708a3f632b11c69fccb4e748a325d5a491ddc7b5d22383"},
    {file = "pydantic-1.10.15-cp39-cp39-manylinux_2_5_i686.manylinux1_i686.manylinux_2_17_i686.manylinux2014_i686.whl", hash = "sha256:676ed48f2c5bbad835f1a8ed8a6d44c1cd5a21121116d2ac40bd1cd3619746ed"},
    {file = "pydantic-1.10.15-cp39-cp39-musllinux_1_1_i686.whl", hash = "sha256:92229f73400b80c13afcd050687f4d7e88de9234d74b27e6728aa689abcf58cc"},
    {file = "pydantic-1.10.15-cp39-cp39-musllinux_1_1_x86_64.whl", hash = "sha256:2746189100c646682eff0bce95efa7d2e203420d8e1c613dc0c6b4c1d9c1fde4"},
    {file = "pydantic-1.10.15-cp39-cp39-win_amd64.whl", hash = "sha256:394f08750bd8eaad714718812e7fab615f873b3cdd0b9d84e76e51ef3b50b6b7"},
    {file = "pydantic-1.10.15-py3-none-any.whl", hash = "sha256:28e552a060ba2740d0d2aabe35162652c1459a0b9069fe0db7f4ee0e18e74d58"},
    {file = "pydantic-1.10.15.tar.gz", hash = "sha256:ca832e124eda231a60a041da4f013e3ff24949d94a01154b137fc2f2a43c3ffb"},
]

[package.dependencies]
typing-extensions = ">=4.2.0"

[package.extras]
dotenv = ["python-dotenv (>=0.10.4)"]
email = ["email-validator (>=1.0.3)"]

[[package]]
name = "pymongo"
version = "4.7.2"
description = "Python driver for MongoDB <http://www.mongodb.org>"
optional = false
python-versions = ">=3.7"
files = [
    {file = "pymongo-4.7.2-cp310-cp310-macosx_10_9_x86_64.whl", hash = "sha256:268d8578c0500012140c5460755ea405cbfe541ef47c81efa9d6744f0f99aeca"},
    {file = "pymongo-4.7.2-cp310-cp310-macosx_11_0_arm64.whl", hash = "sha256:827611beb6c483260d520cfa6a49662d980dfa5368a04296f65fa39e78fccea7"},
    {file = "pymongo-4.7.2-cp310-cp310-manylinux_2_17_aarch64.manylinux2014_aarch64.whl", hash = "sha256:a754e366c404d19ff3f077ddeed64be31e0bb515e04f502bf11987f1baa55a16"},
    {file = "pymongo-4.7.2-cp310-cp310-manylinux_2_17_ppc64le.manylinux2014_ppc64le.whl", hash = "sha256:c44efab10d9a3db920530f7bcb26af8f408b7273d2f0214081d3891979726328"},
    {file = "pymongo-4.7.2-cp310-cp310-manylinux_2_17_s390x.manylinux2014_s390x.whl", hash = "sha256:35b3f0c7d49724859d4df5f0445818d525824a6cd55074c42573d9b50764df67"},
    {file = "pymongo-4.7.2-cp310-cp310-manylinux_2_17_x86_64.manylinux2014_x86_64.whl", hash = "sha256:1e37faf298a37ffb3e0809e77fbbb0a32b6a2d18a83c59cfc2a7b794ea1136b0"},
    {file = "pymongo-4.7.2-cp310-cp310-manylinux_2_5_i686.manylinux1_i686.manylinux_2_17_i686.manylinux2014_i686.whl", hash = "sha256:d1bcd58669e56c08f1e72c5758868b5df169fe267501c949ee83c418e9df9155"},
    {file = "pymongo-4.7.2-cp310-cp310-win32.whl", hash = "sha256:c72d16fede22efe7cdd1f422e8da15760e9498024040429362886f946c10fe95"},
    {file = "pymongo-4.7.2-cp310-cp310-win_amd64.whl", hash = "sha256:12d1fef77d25640cb78893d07ff7d2fac4c4461d8eec45bd3b9ad491a1115d6e"},
    {file = "pymongo-4.7.2-cp311-cp311-macosx_10_9_x86_64.whl", hash = "sha256:fc5af24fcf5fc6f7f40d65446400d45dd12bea933d0299dc9e90c5b22197f1e9"},
    {file = "pymongo-4.7.2-cp311-cp311-macosx_11_0_arm64.whl", hash = "sha256:730778b6f0964b164c187289f906bbc84cb0524df285b7a85aa355bbec43eb21"},
    {file = "pymongo-4.7.2-cp311-cp311-manylinux_2_17_aarch64.manylinux2014_aarch64.whl", hash = "sha256:47a1a4832ef2f4346dcd1a10a36ade7367ad6905929ddb476459abb4fd1b98cb"},
    {file = "pymongo-4.7.2-cp311-cp311-manylinux_2_17_ppc64le.manylinux2014_ppc64le.whl", hash = "sha256:e6eab12c6385526d386543d6823b07187fefba028f0da216506e00f0e1855119"},
    {file = "pymongo-4.7.2-cp311-cp311-manylinux_2_17_s390x.manylinux2014_s390x.whl", hash = "sha256:37e9ea81fa59ee9274457ed7d59b6c27f6f2a5fe8e26f184ecf58ea52a019cb8"},
    {file = "pymongo-4.7.2-cp311-cp311-manylinux_2_17_x86_64.manylinux2014_x86_64.whl", hash = "sha256:7e9d9d2c0aae73aa4369bd373ac2ac59f02c46d4e56c4b6d6e250cfe85f76802"},
    {file = "pymongo-4.7.2-cp311-cp311-manylinux_2_5_i686.manylinux1_i686.manylinux_2_17_i686.manylinux2014_i686.whl", hash = "sha256:cb6e00a79dff22c9a72212ad82021b54bdb3b85f38a85f4fc466bde581d7d17a"},
    {file = "pymongo-4.7.2-cp311-cp311-win32.whl", hash = "sha256:02efd1bb3397e24ef2af45923888b41a378ce00cb3a4259c5f4fc3c70497a22f"},
    {file = "pymongo-4.7.2-cp311-cp311-win_amd64.whl", hash = "sha256:87bb453ac3eb44db95cb6d5a616fbc906c1c00661eec7f55696253a6245beb8a"},
    {file = "pymongo-4.7.2-cp312-cp312-macosx_10_9_x86_64.whl", hash = "sha256:12c466e02133b7f8f4ff1045c6b5916215c5f7923bc83fd6e28e290cba18f9f6"},
    {file = "pymongo-4.7.2-cp312-cp312-macosx_11_0_arm64.whl", hash = "sha256:f91073049c43d14e66696970dd708d319b86ee57ef9af359294eee072abaac79"},
    {file = "pymongo-4.7.2-cp312-cp312-manylinux_2_17_aarch64.manylinux2014_aarch64.whl", hash = "sha256:87032f818bf5052ab742812c715eff896621385c43f8f97cdd37d15b5d394e95"},
    {file = "pymongo-4.7.2-cp312-cp312-manylinux_2_17_ppc64le.manylinux2014_ppc64le.whl", hash = "sha256:6a87eef394039765679f75c6a47455a4030870341cb76eafc349c5944408c882"},
    {file = "pymongo-4.7.2-cp312-cp312-manylinux_2_17_s390x.manylinux2014_s390x.whl", hash = "sha256:d275596f840018858757561840767b39272ac96436fcb54f5cac6d245393fd97"},
    {file = "pymongo-4.7.2-cp312-cp312-manylinux_2_17_x86_64.manylinux2014_x86_64.whl", hash = "sha256:82102e353be13f1a6769660dd88115b1da382447672ba1c2662a0fbe3df1d861"},
    {file = "pymongo-4.7.2-cp312-cp312-manylinux_2_5_i686.manylinux1_i686.manylinux_2_17_i686.manylinux2014_i686.whl", hash = "sha256:194065c9d445017b3c82fb85f89aa2055464a080bde604010dc8eb932a6b3c95"},
    {file = "pymongo-4.7.2-cp312-cp312-win32.whl", hash = "sha256:db4380d1e69fdad1044a4b8f3bb105200542c49a0dde93452d938ff9db1d6d29"},
    {file = "pymongo-4.7.2-cp312-cp312-win_amd64.whl", hash = "sha256:fadc6e8db7707c861ebe25b13ad6aca19ea4d2c56bf04a26691f46c23dadf6e4"},
    {file = "pymongo-4.7.2-cp37-cp37m-macosx_10_9_x86_64.whl", hash = "sha256:2cb77d09bd012cb4b30636e7e38d00b5f9be5eb521c364bde66490c45ee6c4b4"},
    {file = "pymongo-4.7.2-cp37-cp37m-manylinux_2_17_aarch64.manylinux2014_aarch64.whl", hash = "sha256:56bf8b706946952acdea0fe478f8e44f1ed101c4b87f046859e6c3abe6c0a9f4"},
    {file = "pymongo-4.7.2-cp37-cp37m-manylinux_2_17_ppc64le.manylinux2014_ppc64le.whl", hash = "sha256:bcf337d1b252405779d9c79978d6ca15eab3cdaa2f44c100a79221bddad97c8a"},
    {file = "pymongo-4.7.2-cp37-cp37m-manylinux_2_17_s390x.manylinux2014_s390x.whl", hash = "sha256:4ffd1519edbe311df73c74ec338de7d294af535b2748191c866ea3a7c484cd15"},
    {file = "pymongo-4.7.2-cp37-cp37m-manylinux_2_17_x86_64.manylinux2014_x86_64.whl", hash = "sha256:d4d59776f435564159196d971aa89422ead878174aff8fe18e06d9a0bc6d648c"},
    {file = "pymongo-4.7.2-cp37-cp37m-manylinux_2_5_i686.manylinux1_i686.manylinux_2_17_i686.manylinux2014_i686.whl", hash = "sha256:347c49cf7f0ba49ea87c1a5a1984187ecc5516b7c753f31938bf7b37462824fd"},
    {file = "pymongo-4.7.2-cp37-cp37m-manylinux_2_5_i686.manylinux1_i686.whl", hash = "sha256:84bc00200c3cbb6c98a2bb964c9e8284b641e4a33cf10c802390552575ee21de"},
    {file = "pymongo-4.7.2-cp37-cp37m-manylinux_2_5_x86_64.manylinux1_x86_64.whl", hash = "sha256:fcaf8c911cb29316a02356f89dbc0e0dfcc6a712ace217b6b543805690d2aefd"},
    {file = "pymongo-4.7.2-cp37-cp37m-win32.whl", hash = "sha256:b48a5650ee5320d59f6d570bd99a8d5c58ac6f297a4e9090535f6561469ac32e"},
    {file = "pymongo-4.7.2-cp37-cp37m-win_amd64.whl", hash = "sha256:5239ef7e749f1326ea7564428bf861d5250aa39d7f26d612741b1b1273227062"},
    {file = "pymongo-4.7.2-cp38-cp38-macosx_10_9_x86_64.whl", hash = "sha256:d2dcf608d35644e8d276d61bf40a93339d8d66a0e5f3e3f75b2c155a421a1b71"},
    {file = "pymongo-4.7.2-cp38-cp38-macosx_11_0_arm64.whl", hash = "sha256:25eeb2c18ede63891cbd617943dd9e6b9cbccc54f276e0b2e693a0cc40f243c5"},
    {file = "pymongo-4.7.2-cp38-cp38-manylinux_2_17_aarch64.manylinux2014_aarch64.whl", hash = "sha256:9349f0bb17a31371d4cacb64b306e4ca90413a3ad1fffe73ac7cd495570d94b5"},
    {file = "pymongo-4.7.2-cp38-cp38-manylinux_2_17_ppc64le.manylinux2014_ppc64le.whl", hash = "sha256:ffd4d7cb2e6c6e100e2b39606d38a9ffc934e18593dc9bb326196afc7d93ce3d"},
    {file = "pymongo-4.7.2-cp38-cp38-manylinux_2_17_s390x.manylinux2014_s390x.whl", hash = "sha256:9a8bd37f5dabc86efceb8d8cbff5969256523d42d08088f098753dba15f3b37a"},
    {file = "pymongo-4.7.2-cp38-cp38-manylinux_2_17_x86_64.manylinux2014_x86_64.whl", hash = "sha256:1c78f156edc59b905c80c9003e022e1a764c54fd40ac4fea05b0764f829790e2"},
    {file = "pymongo-4.7.2-cp38-cp38-manylinux_2_5_i686.manylinux1_i686.manylinux_2_17_i686.manylinux2014_i686.whl", hash = "sha256:9d892fb91e81cccb83f507cdb2ea0aa026ec3ced7f12a1d60f6a5bf0f20f9c1f"},
    {file = "pymongo-4.7.2-cp38-cp38-manylinux_2_5_i686.manylinux1_i686.whl", hash = "sha256:87832d6076c2c82f42870157414fd876facbb6554d2faf271ffe7f8f30ce7bed"},
    {file = "pymongo-4.7.2-cp38-cp38-manylinux_2_5_x86_64.manylinux1_x86_64.whl", hash = "sha256:ce1a374ea0e49808e0380ffc64284c0ce0f12bd21042b4bef1af3eb7bdf49054"},
    {file = "pymongo-4.7.2-cp38-cp38-win32.whl", hash = "sha256:eb0642e5f0dd7e86bb358749cc278e70b911e617f519989d346f742dc9520dfb"},
    {file = "pymongo-4.7.2-cp38-cp38-win_amd64.whl", hash = "sha256:4bdb5ffe1cd3728c9479671a067ef44dacafc3743741d4dc700c377c4231356f"},
    {file = "pymongo-4.7.2-cp39-cp39-macosx_10_9_x86_64.whl", hash = "sha256:743552033c63f0afdb56b9189ab04b5c1dbffd7310cf7156ab98eebcecf24621"},
    {file = "pymongo-4.7.2-cp39-cp39-macosx_11_0_arm64.whl", hash = "sha256:5239776633f7578b81207e5646245415a5a95f6ae5ef5dff8e7c2357e6264bfc"},
    {file = "pymongo-4.7.2-cp39-cp39-manylinux_2_17_aarch64.manylinux2014_aarch64.whl", hash = "sha256:727ad07952c155cd20045f2ce91143c7dc4fb01a5b4e8012905a89a7da554b0c"},
    {file = "pymongo-4.7.2-cp39-cp39-manylinux_2_17_ppc64le.manylinux2014_ppc64le.whl", hash = "sha256:9385654f01a90f73827af4db90c290a1519f7d9102ba43286e187b373e9a78e9"},
    {file = "pymongo-4.7.2-cp39-cp39-manylinux_2_17_s390x.manylinux2014_s390x.whl", hash = "sha256:0d833651f1ba938bb7501f13e326b96cfbb7d98867b2d545ca6d69c7664903e0"},
    {file = "pymongo-4.7.2-cp39-cp39-manylinux_2_17_x86_64.manylinux2014_x86_64.whl", hash = "sha256:cf17ea9cea14d59b0527403dd7106362917ced7c4ec936c4ba22bd36c912c8e0"},
    {file = "pymongo-4.7.2-cp39-cp39-manylinux_2_5_i686.manylinux1_i686.manylinux_2_17_i686.manylinux2014_i686.whl", hash = "sha256:cecd2df037249d1c74f0af86fb5b766104a5012becac6ff63d85d1de53ba8b98"},
    {file = "pymongo-4.7.2-cp39-cp39-manylinux_2_5_i686.manylinux1_i686.whl", hash = "sha256:65b4c00dedbd333698b83cd2095a639a6f0d7c4e2a617988f6c65fb46711f028"},
    {file = "pymongo-4.7.2-cp39-cp39-manylinux_2_5_x86_64.manylinux1_x86_64.whl", hash = "sha256:d9b6cbc037108ff1a0a867e7670d8513c37f9bcd9ee3d2464411bfabf70ca002"},
    {file = "pymongo-4.7.2-cp39-cp39-win32.whl", hash = "sha256:cf28430ec1924af1bffed37b69a812339084697fd3f3e781074a0148e6475803"},
    {file = "pymongo-4.7.2-cp39-cp39-win_amd64.whl", hash = "sha256:e004527ea42a6b99a8b8d5b42b42762c3bdf80f88fbdb5c3a9d47f3808495b86"},
    {file = "pymongo-4.7.2.tar.gz", hash = "sha256:9024e1661c6e40acf468177bf90ce924d1bc681d2b244adda3ed7b2f4c4d17d7"},
]

[package.dependencies]
dnspython = ">=1.16.0,<3.0.0"

[package.extras]
aws = ["pymongo-auth-aws (>=1.1.0,<2.0.0)"]
encryption = ["certifi", "pymongo-auth-aws (>=1.1.0,<2.0.0)", "pymongocrypt (>=1.6.0,<2.0.0)"]
gssapi = ["pykerberos", "winkerberos (>=0.5.0)"]
ocsp = ["certifi", "cryptography (>=2.5)", "pyopenssl (>=17.2.0)", "requests (<3.0.0)", "service-identity (>=18.1.0)"]
snappy = ["python-snappy"]
test = ["pytest (>=7)"]
zstd = ["zstandard"]

[[package]]
name = "rfc3986"
version = "1.5.0"
description = "Validating URI References per RFC 3986"
optional = false
python-versions = "*"
files = [
    {file = "rfc3986-1.5.0-py2.py3-none-any.whl", hash = "sha256:a86d6e1f5b1dc238b218b012df0aa79409667bb209e58da56d0b94704e712a97"},
    {file = "rfc3986-1.5.0.tar.gz", hash = "sha256:270aaf10d87d0d4e095063c65bf3ddbc6ee3d0b226328ce21e036f946e421835"},
]

[package.dependencies]
idna = {version = "*", optional = true, markers = "extra == \"idna2008\""}

[package.extras]
idna2008 = ["idna"]

[[package]]
name = "setuptools"
version = "69.5.1"
description = "Easily download, build, install, upgrade, and uninstall Python packages"
optional = false
python-versions = ">=3.8"
files = [
    {file = "setuptools-69.5.1-py3-none-any.whl", hash = "sha256:c636ac361bc47580504644275c9ad802c50415c7522212252c033bd15f301f32"},
    {file = "setuptools-69.5.1.tar.gz", hash = "sha256:6c1fccdac05a97e598fb0ae3bbed5904ccb317337a51139dcd51453611bbb987"},
]

[package.extras]
docs = ["furo", "jaraco.packaging (>=9.3)", "jaraco.tidelift (>=1.4)", "pygments-github-lexers (==0.0.5)", "rst.linker (>=1.9)", "sphinx (>=3.5)", "sphinx-favicon", "sphinx-inline-tabs", "sphinx-lint", "sphinx-notfound-page (>=1,<2)", "sphinx-reredirects", "sphinxcontrib-towncrier"]
testing = ["build[virtualenv]", "filelock (>=3.4.0)", "importlib-metadata", "ini2toml[lite] (>=0.9)", "jaraco.develop (>=7.21)", "jaraco.envs (>=2.2)", "jaraco.path (>=3.2.0)", "mypy (==1.9)", "packaging (>=23.2)", "pip (>=19.1)", "pytest (>=6,!=8.1.1)", "pytest-checkdocs (>=2.4)", "pytest-cov", "pytest-enabler (>=2.2)", "pytest-home (>=0.5)", "pytest-mypy", "pytest-perf", "pytest-ruff (>=0.2.1)", "pytest-timeout", "pytest-xdist (>=3)", "tomli", "tomli-w (>=1.0.0)", "virtualenv (>=13.0.0)", "wheel"]
testing-integration = ["build[virtualenv] (>=1.0.3)", "filelock (>=3.4.0)", "jaraco.envs (>=2.2)", "jaraco.path (>=3.2.0)", "packaging (>=23.2)", "pytest", "pytest-enabler", "pytest-xdist", "tomli", "virtualenv (>=13.0.0)", "wheel"]

[[package]]
name = "sniffio"
version = "1.3.1"
description = "Sniff out which async library your code is running under"
optional = false
python-versions = ">=3.7"
files = [
    {file = "sniffio-1.3.1-py3-none-any.whl", hash = "sha256:2f6da418d1f1e0fddd844478f41680e794e6051915791a034ff65e5f100525a2"},
    {file = "sniffio-1.3.1.tar.gz", hash = "sha256:f4324edc670a0f49750a81b895f35c3adb843cca46f0530f79fc1babb23789dc"},
]

[[package]]
name = "starlette"
version = "0.17.1"
description = "The little ASGI library that shines."
optional = false
python-versions = ">=3.6"
files = [
    {file = "starlette-0.17.1-py3-none-any.whl", hash = "sha256:26a18cbda5e6b651c964c12c88b36d9898481cd428ed6e063f5f29c418f73050"},
    {file = "starlette-0.17.1.tar.gz", hash = "sha256:57eab3cc975a28af62f6faec94d355a410634940f10b30d68d31cb5ec1b44ae8"},
]

[package.dependencies]
anyio = ">=3.0.0,<4"

[package.extras]
full = ["itsdangerous", "jinja2", "python-multipart", "pyyaml", "requests"]

[[package]]
name = "typing-extensions"
version = "4.11.0"
description = "Backported and Experimental Type Hints for Python 3.8+"
optional = false
python-versions = ">=3.8"
files = [
    {file = "typing_extensions-4.11.0-py3-none-any.whl", hash = "sha256:c1f94d72897edaf4ce775bb7558d5b79d8126906a14ea5ed1635921406c0387a"},
    {file = "typing_extensions-4.11.0.tar.gz", hash = "sha256:83f085bd5ca59c80295fc2a82ab5dac679cbe02b9f33f7d83af68e241bea51b0"},
]

[[package]]
name = "uvicorn"
version = "0.17.6"
description = "The lightning-fast ASGI server."
optional = false
python-versions = ">=3.7"
files = [
    {file = "uvicorn-0.17.6-py3-none-any.whl", hash = "sha256:19e2a0e96c9ac5581c01eb1a79a7d2f72bb479691acd2b8921fce48ed5b961a6"},
    {file = "uvicorn-0.17.6.tar.gz", hash = "sha256:5180f9d059611747d841a4a4c4ab675edf54c8489e97f96d0583ee90ac3bfc23"},
]

[package.dependencies]
asgiref = ">=3.4.0"
click = ">=7.0"
h11 = ">=0.8"

[package.extras]
standard = ["PyYAML (>=5.1)", "colorama (>=0.4)", "httptools (>=0.4.0)", "python-dotenv (>=0.13)", "uvloop (>=0.14.0,!=0.15.0,!=0.15.1)", "watchgod (>=0.6)", "websockets (>=10.0)"]

[metadata]
lock-version = "2.0"
python-versions = "^3.11"
content-hash = "9734d4410923cb8ae9aee67965c842f29bd7b2b019ace693558951070c15780d"
